{
  "nodes": {
    "DuckGameRebuilt": {
      "inputs": {
        "nixpkgs": [
          "nixpkgs"
        ]
      },
      "locked": {
        "lastModified": 1765922762,
        "narHash": "sha256-tqwUrmf5ifv9bXfh+Ob+PRqYjB2VyK9IPSBlvbIDg60=",
        "owner": "klof44",
        "repo": "DuckGameRebuilt-Nix",
        "rev": "8d9575526bae112d5bf60537a44088448588d7e1",
        "type": "github"
      },
      "original": {
        "owner": "klof44",
        "repo": "DuckGameRebuilt-Nix",
        "type": "github"
      }
    },
    "home-manager": {
      "inputs": {
        "nixpkgs": [
          "nixpkgs"
        ]
      },
      "locked": {
        "lastModified": 1765606130,
        "narHash": "sha256-KOP4QnkiRwiD5KEOr6ceF67rfTP1OqPmCCft6xDC3k4=",
        "owner": "nix-community",
        "repo": "home-manager",
        "rev": "d787ec69c3216ea33be1c0424fe65cb23aa8fb31",
        "type": "github"
      },
      "original": {
        "owner": "nix-community",
        "repo": "home-manager",
        "type": "github"
      }
    },
    "nixpkgs": {
      "locked": {
        "lastModified": 1765472234,
        "narHash": "sha256-9VvC20PJPsleGMewwcWYKGzDIyjckEz8uWmT0vCDYK0=",
        "owner": "nixos",
        "repo": "nixpkgs",
        "rev": "2fbfb1d73d239d2402a8fe03963e37aab15abe8b",
        "type": "github"
      },
      "original": {
        "owner": "nixos",
        "ref": "nixos-unstable",
        "repo": "nixpkgs",
        "type": "github"
      }
    },
    "noctalia": {
      "inputs": {
        "nixpkgs": [
          "nixpkgs"
        ]
      },
      "locked": {
        "lastModified": 1765675278,
        "narHash": "sha256-GSa/jaWld+WKxt39DDBPoX1j+kCdNmFF9stTWbeVhp8=",
        "owner": "noctalia-dev",
        "repo": "noctalia-shell",
        "rev": "7d795256de6dbe7b4044161af2b6002421bdb188",
        "type": "github"
      },
      "original": {
        "owner": "noctalia-dev",
        "repo": "noctalia-shell",
        "type": "github"
      }
    },
    "root": {
      "inputs": {
        "DuckGameRebuilt": "DuckGameRebuilt",
        "home-manager": "home-manager",
        "nixpkgs": "nixpkgs",
        "noctalia": "noctalia"
      }
    }
  },
  "root": "root",
  "version": 7
}
